// !$*UTF8*$!
{
	archiveVersion = 1;
	classes = {
	};
	objectVersion = 56;
	objects = {

/* Begin PBXBuildFile section */
		0316E7932C1AD62100E6724D /* AppDelegate.swift in Sources */ = {isa = PBXBuildFile; fileRef = 0316E7922C1AD62100E6724D /* AppDelegate.swift */; };
		0316E7952C1AD62100E6724D /* SceneDelegate.swift in Sources */ = {isa = PBXBuildFile; fileRef = 0316E7942C1AD62100E6724D /* SceneDelegate.swift */; };
		0316E7972C1AD62100E6724D /* ViewController.swift in Sources */ = {isa = PBXBuildFile; fileRef = 0316E7962C1AD62100E6724D /* ViewController.swift */; };
		0316E79A2C1AD62100E6724D /* Base in Resources */ = {isa = PBXBuildFile; fileRef = 0316E7992C1AD62100E6724D /* Base */; };
		0316E79C2C1AD62300E6724D /* Assets.xcassets in Resources */ = {isa = PBXBuildFile; fileRef = 0316E79B2C1AD62300E6724D /* Assets.xcassets */; };
		0316E79F2C1AD62300E6724D /* Base in Resources */ = {isa = PBXBuildFile; fileRef = 0316E79E2C1AD62300E6724D /* Base */; };
		0316E7A82C1AD9F100E6724D /* IQKeyboardManagerSwift in Frameworks */ = {isa = PBXBuildFile; productRef = 0316E7A72C1AD9F100E6724D /* IQKeyboardManagerSwift */; };
		0316E7AB2C1AD9FB00E6724D /* Kingfisher in Frameworks */ = {isa = PBXBuildFile; productRef = 0316E7AA2C1AD9FB00E6724D /* Kingfisher */; };
		0316E7B32C1ADA0D00E6724D /* SnapKit in Frameworks */ = {isa = PBXBuildFile; productRef = 0316E7B22C1ADA0D00E6724D /* SnapKit */; };
		0316E7B62C1ADA1700E6724D /* Alamofire in Frameworks */ = {isa = PBXBuildFile; productRef = 0316E7B52C1ADA1700E6724D /* Alamofire */; };
		0316E7B82C1AE01D00E6724D /* ProfileNicknameSettingViewController.swift in Sources */ = {isa = PBXBuildFile; fileRef = 0316E7B72C1AE01D00E6724D /* ProfileNicknameSettingViewController.swift */; };
		0316E7BB2C1AF85800E6724D /* TextFieldEffects in Frameworks */ = {isa = PBXBuildFile; productRef = 0316E7BA2C1AF85800E6724D /* TextFieldEffects */; };
		0316E7BD2C1AFB1400E6724D /* ProfileImageSettingViewController.swift in Sources */ = {isa = PBXBuildFile; fileRef = 0316E7BC2C1AFB1400E6724D /* ProfileImageSettingViewController.swift */; };
		0316E7BF2C1B0DE400E6724D /* ProfileImageSettingCollectionViewCell.swift in Sources */ = {isa = PBXBuildFile; fileRef = 0316E7BE2C1B0DE400E6724D /* ProfileImageSettingCollectionViewCell.swift */; };
		0316E7C12C1BF1FA00E6724D /* MainViewController.swift in Sources */ = {isa = PBXBuildFile; fileRef = 0316E7C02C1BF1FA00E6724D /* MainViewController.swift */; };
		0333927E2C216A3800383150 /* Toast in Frameworks */ = {isa = PBXBuildFile; productRef = 0333927D2C216A3800383150 /* Toast */; };
		033392BF2C252BB600383150 /* Network.swift in Sources */ = {isa = PBXBuildFile; fileRef = 033392BE2C252BB600383150 /* Network.swift */; };
		033392E62C2949D300383150 /* SettingViewController+Extension.swift in Sources */ = {isa = PBXBuildFile; fileRef = 033392E52C2949D300383150 /* SettingViewController+Extension.swift */; };
		036068D32C1C0DEE008E5680 /* RecentSearchListTableViewCell.swift in Sources */ = {isa = PBXBuildFile; fileRef = 036068D22C1C0DEE008E5680 /* RecentSearchListTableViewCell.swift */; };
		036068D52C1C1F5F008E5680 /* SearchResultViewController.swift in Sources */ = {isa = PBXBuildFile; fileRef = 036068D42C1C1F5F008E5680 /* SearchResultViewController.swift */; };
		036068D72C1C3534008E5680 /* TabBarController.swift in Sources */ = {isa = PBXBuildFile; fileRef = 036068D62C1C3534008E5680 /* TabBarController.swift */; };
		036068D92C1C367D008E5680 /* SettingViewController.swift in Sources */ = {isa = PBXBuildFile; fileRef = 036068D82C1C367D008E5680 /* SettingViewController.swift */; };
		036068DB2C1C5EA0008E5680 /* SearchResultCollectionViewCell.swift in Sources */ = {isa = PBXBuildFile; fileRef = 036068DA2C1C5EA0008E5680 /* SearchResultCollectionViewCell.swift */; };
		036068DD2C1C7C4E008E5680 /* .gitignore in Resources */ = {isa = PBXBuildFile; fileRef = 036068DC2C1C7C4E008E5680 /* .gitignore */; };
		036068E12C1C7D40008E5680 /* Private.swift in Sources */ = {isa = PBXBuildFile; fileRef = 036068E02C1C7D40008E5680 /* Private.swift */; };
		036068E32C1D5A56008E5680 /* ProductsDetailViewController.swift in Sources */ = {isa = PBXBuildFile; fileRef = 036068E22C1D5A56008E5680 /* ProductsDetailViewController.swift */; };
		036068E52C1DAC3F008E5680 /* SettingTableViewCell.swift in Sources */ = {isa = PBXBuildFile; fileRef = 036068E42C1DAC3F008E5680 /* SettingTableViewCell.swift */; };
/* End PBXBuildFile section */

/* Begin PBXFileReference section */
		0316E78F2C1AD62100E6724D /* MyShopping.app */ = {isa = PBXFileReference; explicitFileType = wrapper.application; includeInIndex = 0; path = MyShopping.app; sourceTree = BUILT_PRODUCTS_DIR; };
		0316E7922C1AD62100E6724D /* AppDelegate.swift */ = {isa = PBXFileReference; lastKnownFileType = sourcecode.swift; path = AppDelegate.swift; sourceTree = "<group>"; };
		0316E7942C1AD62100E6724D /* SceneDelegate.swift */ = {isa = PBXFileReference; lastKnownFileType = sourcecode.swift; path = SceneDelegate.swift; sourceTree = "<group>"; };
		0316E7962C1AD62100E6724D /* ViewController.swift */ = {isa = PBXFileReference; lastKnownFileType = sourcecode.swift; path = ViewController.swift; sourceTree = "<group>"; };
		0316E7992C1AD62100E6724D /* Base */ = {isa = PBXFileReference; lastKnownFileType = file.storyboard; name = Base; path = Base.lproj/Main.storyboard; sourceTree = "<group>"; };
		0316E79B2C1AD62300E6724D /* Assets.xcassets */ = {isa = PBXFileReference; lastKnownFileType = folder.assetcatalog; path = Assets.xcassets; sourceTree = "<group>"; };
		0316E79E2C1AD62300E6724D /* Base */ = {isa = PBXFileReference; lastKnownFileType = file.storyboard; name = Base; path = Base.lproj/LaunchScreen.storyboard; sourceTree = "<group>"; };
		0316E7A02C1AD62300E6724D /* Info.plist */ = {isa = PBXFileReference; lastKnownFileType = text.plist.xml; path = Info.plist; sourceTree = "<group>"; };
		0316E7B72C1AE01D00E6724D /* ProfileNicknameSettingViewController.swift */ = {isa = PBXFileReference; lastKnownFileType = sourcecode.swift; path = ProfileNicknameSettingViewController.swift; sourceTree = "<group>"; };
		0316E7BC2C1AFB1400E6724D /* ProfileImageSettingViewController.swift */ = {isa = PBXFileReference; lastKnownFileType = sourcecode.swift; path = ProfileImageSettingViewController.swift; sourceTree = "<group>"; };
		0316E7BE2C1B0DE400E6724D /* ProfileImageSettingCollectionViewCell.swift */ = {isa = PBXFileReference; lastKnownFileType = sourcecode.swift; path = ProfileImageSettingCollectionViewCell.swift; sourceTree = "<group>"; };
		0316E7C02C1BF1FA00E6724D /* MainViewController.swift */ = {isa = PBXFileReference; lastKnownFileType = sourcecode.swift; path = MainViewController.swift; sourceTree = "<group>"; };
		033392BE2C252BB600383150 /* Network.swift */ = {isa = PBXFileReference; lastKnownFileType = sourcecode.swift; path = Network.swift; sourceTree = "<group>"; };
		033392E52C2949D300383150 /* SettingViewController+Extension.swift */ = {isa = PBXFileReference; lastKnownFileType = sourcecode.swift; path = "SettingViewController+Extension.swift"; sourceTree = "<group>"; };
		036068D22C1C0DEE008E5680 /* RecentSearchListTableViewCell.swift */ = {isa = PBXFileReference; lastKnownFileType = sourcecode.swift; path = RecentSearchListTableViewCell.swift; sourceTree = "<group>"; };
		036068D42C1C1F5F008E5680 /* SearchResultViewController.swift */ = {isa = PBXFileReference; lastKnownFileType = sourcecode.swift; path = SearchResultViewController.swift; sourceTree = "<group>"; };
		036068D62C1C3534008E5680 /* TabBarController.swift */ = {isa = PBXFileReference; lastKnownFileType = sourcecode.swift; path = TabBarController.swift; sourceTree = "<group>"; };
		036068D82C1C367D008E5680 /* SettingViewController.swift */ = {isa = PBXFileReference; lastKnownFileType = sourcecode.swift; path = SettingViewController.swift; sourceTree = "<group>"; };
		036068DA2C1C5EA0008E5680 /* SearchResultCollectionViewCell.swift */ = {isa = PBXFileReference; lastKnownFileType = sourcecode.swift; path = SearchResultCollectionViewCell.swift; sourceTree = "<group>"; };
		036068DC2C1C7C4E008E5680 /* .gitignore */ = {isa = PBXFileReference; lastKnownFileType = text; path = .gitignore; sourceTree = "<group>"; };
		036068E02C1C7D40008E5680 /* Private.swift */ = {isa = PBXFileReference; lastKnownFileType = sourcecode.swift; path = Private.swift; sourceTree = "<group>"; };
		036068E22C1D5A56008E5680 /* ProductsDetailViewController.swift */ = {isa = PBXFileReference; lastKnownFileType = sourcecode.swift; path = ProductsDetailViewController.swift; sourceTree = "<group>"; };
		036068E42C1DAC3F008E5680 /* SettingTableViewCell.swift */ = {isa = PBXFileReference; lastKnownFileType = sourcecode.swift; path = SettingTableViewCell.swift; sourceTree = "<group>"; };
/* End PBXFileReference section */

/* Begin PBXFrameworksBuildPhase section */
		0316E78C2C1AD62100E6724D /* Frameworks */ = {
			isa = PBXFrameworksBuildPhase;
			buildActionMask = 2147483647;
			files = (
				0333927E2C216A3800383150 /* Toast in Frameworks */,
				0316E7B32C1ADA0D00E6724D /* SnapKit in Frameworks */,
				0316E7B62C1ADA1700E6724D /* Alamofire in Frameworks */,
				0316E7AB2C1AD9FB00E6724D /* Kingfisher in Frameworks */,
				0316E7A82C1AD9F100E6724D /* IQKeyboardManagerSwift in Frameworks */,
				0316E7BB2C1AF85800E6724D /* TextFieldEffects in Frameworks */,
			);
			runOnlyForDeploymentPostprocessing = 0;
		};
/* End PBXFrameworksBuildPhase section */

/* Begin PBXGroup section */
		0316E7862C1AD62100E6724D = {
			isa = PBXGroup;
			children = (
				0316E7912C1AD62100E6724D /* MyShopping */,
				0316E7902C1AD62100E6724D /* Products */,
			);
			sourceTree = "<group>";
		};
		0316E7902C1AD62100E6724D /* Products */ = {
			isa = PBXGroup;
			children = (
				0316E78F2C1AD62100E6724D /* MyShopping.app */,
			);
			name = Products;
			sourceTree = "<group>";
		};
		0316E7912C1AD62100E6724D /* MyShopping */ = {
			isa = PBXGroup;
			children = (
				0316E7922C1AD62100E6724D /* AppDelegate.swift */,
				0316E7942C1AD62100E6724D /* SceneDelegate.swift */,
				0316E7982C1AD62100E6724D /* Main.storyboard */,
				0316E79B2C1AD62300E6724D /* Assets.xcassets */,
				0316E79D2C1AD62300E6724D /* LaunchScreen.storyboard */,
				0316E7A02C1AD62300E6724D /* Info.plist */,
				0316E7962C1AD62100E6724D /* ViewController.swift */,
				0316E7B72C1AE01D00E6724D /* ProfileNicknameSettingViewController.swift */,
				0316E7BC2C1AFB1400E6724D /* ProfileImageSettingViewController.swift */,
				0316E7BE2C1B0DE400E6724D /* ProfileImageSettingCollectionViewCell.swift */,
				036068D62C1C3534008E5680 /* TabBarController.swift */,
				0316E7C02C1BF1FA00E6724D /* MainViewController.swift */,
				036068D22C1C0DEE008E5680 /* RecentSearchListTableViewCell.swift */,
				036068D42C1C1F5F008E5680 /* SearchResultViewController.swift */,
				036068DA2C1C5EA0008E5680 /* SearchResultCollectionViewCell.swift */,
				036068E22C1D5A56008E5680 /* ProductsDetailViewController.swift */,
				036068D82C1C367D008E5680 /* SettingViewController.swift */,
				033392E52C2949D300383150 /* SettingViewController+Extension.swift */,
				036068E42C1DAC3F008E5680 /* SettingTableViewCell.swift */,
				036068DC2C1C7C4E008E5680 /* .gitignore */,
				036068E02C1C7D40008E5680 /* Private.swift */,
				033392BE2C252BB600383150 /* Network.swift */,
			);
			path = MyShopping;
			sourceTree = "<group>";
		};
/* End PBXGroup section */

/* Begin PBXNativeTarget section */
		0316E78E2C1AD62100E6724D /* MyShopping */ = {
			isa = PBXNativeTarget;
			buildConfigurationList = 0316E7A32C1AD62300E6724D /* Build configuration list for PBXNativeTarget "MyShopping" */;
			buildPhases = (
				0316E78B2C1AD62100E6724D /* Sources */,
				0316E78C2C1AD62100E6724D /* Frameworks */,
				0316E78D2C1AD62100E6724D /* Resources */,
			);
			buildRules = (
			);
			dependencies = (
			);
			name = MyShopping;
			packageProductDependencies = (
				0316E7A72C1AD9F100E6724D /* IQKeyboardManagerSwift */,
				0316E7AA2C1AD9FB00E6724D /* Kingfisher */,
				0316E7B22C1ADA0D00E6724D /* SnapKit */,
				0316E7B52C1ADA1700E6724D /* Alamofire */,
				0316E7BA2C1AF85800E6724D /* TextFieldEffects */,
				0333927D2C216A3800383150 /* Toast */,
			);
			productName = MyShopping;
			productReference = 0316E78F2C1AD62100E6724D /* MyShopping.app */;
			productType = "com.apple.product-type.application";
		};
/* End PBXNativeTarget section */

/* Begin PBXProject section */
		0316E7872C1AD62100E6724D /* Project object */ = {
			isa = PBXProject;
			attributes = {
				BuildIndependentTargetsInParallel = 1;
				LastSwiftUpdateCheck = 1530;
				LastUpgradeCheck = 1530;
				TargetAttributes = {
					0316E78E2C1AD62100E6724D = {
						CreatedOnToolsVersion = 15.3;
					};
				};
			};
			buildConfigurationList = 0316E78A2C1AD62100E6724D /* Build configuration list for PBXProject "MyShopping" */;
			compatibilityVersion = "Xcode 14.0";
			developmentRegion = en;
			hasScannedForEncodings = 0;
			knownRegions = (
				en,
				Base,
			);
			mainGroup = 0316E7862C1AD62100E6724D;
			packageReferences = (
				0316E7A62C1AD9F100E6724D /* XCRemoteSwiftPackageReference "IQKeyboardManager" */,
				0316E7A92C1AD9FB00E6724D /* XCRemoteSwiftPackageReference "Kingfisher" */,
				0316E7B12C1ADA0D00E6724D /* XCRemoteSwiftPackageReference "SnapKit" */,
				0316E7B42C1ADA1700E6724D /* XCRemoteSwiftPackageReference "Alamofire" */,
				0316E7B92C1AF85800E6724D /* XCRemoteSwiftPackageReference "TextFieldEffects" */,
				0333927C2C216A3800383150 /* XCRemoteSwiftPackageReference "Toast-Swift" */,
			);
			productRefGroup = 0316E7902C1AD62100E6724D /* Products */;
			projectDirPath = "";
			projectRoot = "";
			targets = (
				0316E78E2C1AD62100E6724D /* MyShopping */,
			);
		};
/* End PBXProject section */

/* Begin PBXResourcesBuildPhase section */
		0316E78D2C1AD62100E6724D /* Resources */ = {
			isa = PBXResourcesBuildPhase;
			buildActionMask = 2147483647;
			files = (
				036068DD2C1C7C4E008E5680 /* .gitignore in Resources */,
				0316E79C2C1AD62300E6724D /* Assets.xcassets in Resources */,
				0316E79F2C1AD62300E6724D /* Base in Resources */,
				0316E79A2C1AD62100E6724D /* Base in Resources */,
			);
			runOnlyForDeploymentPostprocessing = 0;
		};
/* End PBXResourcesBuildPhase section */

/* Begin PBXSourcesBuildPhase section */
		0316E78B2C1AD62100E6724D /* Sources */ = {
			isa = PBXSourcesBuildPhase;
			buildActionMask = 2147483647;
			files = (
				0316E7C12C1BF1FA00E6724D /* MainViewController.swift in Sources */,
				036068E12C1C7D40008E5680 /* Private.swift in Sources */,
				033392BF2C252BB600383150 /* Network.swift in Sources */,
				036068D92C1C367D008E5680 /* SettingViewController.swift in Sources */,
				036068D52C1C1F5F008E5680 /* SearchResultViewController.swift in Sources */,
				0316E7972C1AD62100E6724D /* ViewController.swift in Sources */,
				033392E62C2949D300383150 /* SettingViewController+Extension.swift in Sources */,
				036068D72C1C3534008E5680 /* TabBarController.swift in Sources */,
				036068E52C1DAC3F008E5680 /* SettingTableViewCell.swift in Sources */,
				0316E7B82C1AE01D00E6724D /* ProfileNicknameSettingViewController.swift in Sources */,
				036068E32C1D5A56008E5680 /* ProductsDetailViewController.swift in Sources */,
				0316E7932C1AD62100E6724D /* AppDelegate.swift in Sources */,
				036068DB2C1C5EA0008E5680 /* SearchResultCollectionViewCell.swift in Sources */,
				036068D32C1C0DEE008E5680 /* RecentSearchListTableViewCell.swift in Sources */,
				0316E7952C1AD62100E6724D /* SceneDelegate.swift in Sources */,
				0316E7BD2C1AFB1400E6724D /* ProfileImageSettingViewController.swift in Sources */,
				0316E7BF2C1B0DE400E6724D /* ProfileImageSettingCollectionViewCell.swift in Sources */,
			);
			runOnlyForDeploymentPostprocessing = 0;
		};
/* End PBXSourcesBuildPhase section */

/* Begin PBXVariantGroup section */
		0316E7982C1AD62100E6724D /* Main.storyboard */ = {
			isa = PBXVariantGroup;
			children = (
				0316E7992C1AD62100E6724D /* Base */,
			);
			name = Main.storyboard;
			sourceTree = "<group>";
		};
		0316E79D2C1AD62300E6724D /* LaunchScreen.storyboard */ = {
			isa = PBXVariantGroup;
			children = (
				0316E79E2C1AD62300E6724D /* Base */,
			);
			name = LaunchScreen.storyboard;
			sourceTree = "<group>";
		};
/* End PBXVariantGroup section */

/* Begin XCBuildConfiguration section */
		0316E7A12C1AD62300E6724D /* Debug */ = {
			isa = XCBuildConfiguration;
			buildSettings = {
				ALWAYS_SEARCH_USER_PATHS = NO;
				ASSETCATALOG_COMPILER_GENERATE_SWIFT_ASSET_SYMBOL_EXTENSIONS = YES;
				CLANG_ANALYZER_NONNULL = YES;
				CLANG_ANALYZER_NUMBER_OBJECT_CONVERSION = YES_AGGRESSIVE;
				CLANG_CXX_LANGUAGE_STANDARD = "gnu++20";
				CLANG_ENABLE_MODULES = YES;
				CLANG_ENABLE_OBJC_ARC = YES;
				CLANG_ENABLE_OBJC_WEAK = YES;
				CLANG_WARN_BLOCK_CAPTURE_AUTORELEASING = YES;
				CLANG_WARN_BOOL_CONVERSION = YES;
				CLANG_WARN_COMMA = YES;
				CLANG_WARN_CONSTANT_CONVERSION = YES;
				CLANG_WARN_DEPRECATED_OBJC_IMPLEMENTATIONS = YES;
				CLANG_WARN_DIRECT_OBJC_ISA_USAGE = YES_ERROR;
				CLANG_WARN_DOCUMENTATION_COMMENTS = YES;
				CLANG_WARN_EMPTY_BODY = YES;
				CLANG_WARN_ENUM_CONVERSION = YES;
				CLANG_WARN_INFINITE_RECURSION = YES;
				CLANG_WARN_INT_CONVERSION = YES;
				CLANG_WARN_NON_LITERAL_NULL_CONVERSION = YES;
				CLANG_WARN_OBJC_IMPLICIT_RETAIN_SELF = YES;
				CLANG_WARN_OBJC_LITERAL_CONVERSION = YES;
				CLANG_WARN_OBJC_ROOT_CLASS = YES_ERROR;
				CLANG_WARN_QUOTED_INCLUDE_IN_FRAMEWORK_HEADER = YES;
				CLANG_WARN_RANGE_LOOP_ANALYSIS = YES;
				CLANG_WARN_STRICT_PROTOTYPES = YES;
				CLANG_WARN_SUSPICIOUS_MOVE = YES;
				CLANG_WARN_UNGUARDED_AVAILABILITY = YES_AGGRESSIVE;
				CLANG_WARN_UNREACHABLE_CODE = YES;
				CLANG_WARN__DUPLICATE_METHOD_MATCH = YES;
				COPY_PHASE_STRIP = NO;
				DEBUG_INFORMATION_FORMAT = dwarf;
				ENABLE_STRICT_OBJC_MSGSEND = YES;
				ENABLE_TESTABILITY = YES;
				ENABLE_USER_SCRIPT_SANDBOXING = YES;
				GCC_C_LANGUAGE_STANDARD = gnu17;
				GCC_DYNAMIC_NO_PIC = NO;
				GCC_NO_COMMON_BLOCKS = YES;
				GCC_OPTIMIZATION_LEVEL = 0;
				GCC_PREPROCESSOR_DEFINITIONS = (
					"DEBUG=1",
					"$(inherited)",
				);
				GCC_WARN_64_TO_32_BIT_CONVERSION = YES;
				GCC_WARN_ABOUT_RETURN_TYPE = YES_ERROR;
				GCC_WARN_UNDECLARED_SELECTOR = YES;
				GCC_WARN_UNINITIALIZED_AUTOS = YES_AGGRESSIVE;
				GCC_WARN_UNUSED_FUNCTION = YES;
				GCC_WARN_UNUSED_VARIABLE = YES;
				IPHONEOS_DEPLOYMENT_TARGET = 15;
				LOCALIZATION_PREFERS_STRING_CATALOGS = YES;
				MTL_ENABLE_DEBUG_INFO = INCLUDE_SOURCE;
				MTL_FAST_MATH = YES;
				ONLY_ACTIVE_ARCH = YES;
				SDKROOT = iphoneos;
				SWIFT_ACTIVE_COMPILATION_CONDITIONS = "DEBUG $(inherited)";
				SWIFT_OPTIMIZATION_LEVEL = "-Onone";
			};
			name = Debug;
		};
		0316E7A22C1AD62300E6724D /* Release */ = {
			isa = XCBuildConfiguration;
			buildSettings = {
				ALWAYS_SEARCH_USER_PATHS = NO;
				ASSETCATALOG_COMPILER_GENERATE_SWIFT_ASSET_SYMBOL_EXTENSIONS = YES;
				CLANG_ANALYZER_NONNULL = YES;
				CLANG_ANALYZER_NUMBER_OBJECT_CONVERSION = YES_AGGRESSIVE;
				CLANG_CXX_LANGUAGE_STANDARD = "gnu++20";
				CLANG_ENABLE_MODULES = YES;
				CLANG_ENABLE_OBJC_ARC = YES;
				CLANG_ENABLE_OBJC_WEAK = YES;
				CLANG_WARN_BLOCK_CAPTURE_AUTORELEASING = YES;
				CLANG_WARN_BOOL_CONVERSION = YES;
				CLANG_WARN_COMMA = YES;
				CLANG_WARN_CONSTANT_CONVERSION = YES;
				CLANG_WARN_DEPRECATED_OBJC_IMPLEMENTATIONS = YES;
				CLANG_WARN_DIRECT_OBJC_ISA_USAGE = YES_ERROR;
				CLANG_WARN_DOCUMENTATION_COMMENTS = YES;
				CLANG_WARN_EMPTY_BODY = YES;
				CLANG_WARN_ENUM_CONVERSION = YES;
				CLANG_WARN_INFINITE_RECURSION = YES;
				CLANG_WARN_INT_CONVERSION = YES;
				CLANG_WARN_NON_LITERAL_NULL_CONVERSION = YES;
				CLANG_WARN_OBJC_IMPLICIT_RETAIN_SELF = YES;
				CLANG_WARN_OBJC_LITERAL_CONVERSION = YES;
				CLANG_WARN_OBJC_ROOT_CLASS = YES_ERROR;
				CLANG_WARN_QUOTED_INCLUDE_IN_FRAMEWORK_HEADER = YES;
				CLANG_WARN_RANGE_LOOP_ANALYSIS = YES;
				CLANG_WARN_STRICT_PROTOTYPES = YES;
				CLANG_WARN_SUSPICIOUS_MOVE = YES;
				CLANG_WARN_UNGUARDED_AVAILABILITY = YES_AGGRESSIVE;
				CLANG_WARN_UNREACHABLE_CODE = YES;
				CLANG_WARN__DUPLICATE_METHOD_MATCH = YES;
				COPY_PHASE_STRIP = NO;
				DEBUG_INFORMATION_FORMAT = "dwarf-with-dsym";
				ENABLE_NS_ASSERTIONS = NO;
				ENABLE_STRICT_OBJC_MSGSEND = YES;
				ENABLE_USER_SCRIPT_SANDBOXING = YES;
				GCC_C_LANGUAGE_STANDARD = gnu17;
				GCC_NO_COMMON_BLOCKS = YES;
				GCC_WARN_64_TO_32_BIT_CONVERSION = YES;
				GCC_WARN_ABOUT_RETURN_TYPE = YES_ERROR;
				GCC_WARN_UNDECLARED_SELECTOR = YES;
				GCC_WARN_UNINITIALIZED_AUTOS = YES_AGGRESSIVE;
				GCC_WARN_UNUSED_FUNCTION = YES;
				GCC_WARN_UNUSED_VARIABLE = YES;
				IPHONEOS_DEPLOYMENT_TARGET = 15;
				LOCALIZATION_PREFERS_STRING_CATALOGS = YES;
				MTL_ENABLE_DEBUG_INFO = NO;
				MTL_FAST_MATH = YES;
				SDKROOT = iphoneos;
				SWIFT_COMPILATION_MODE = wholemodule;
				VALIDATE_PRODUCT = YES;
			};
			name = Release;
		};
		0316E7A42C1AD62300E6724D /* Debug */ = {
			isa = XCBuildConfiguration;
			buildSettings = {
				ASSETCATALOG_COMPILER_APPICON_NAME = AppIcon;
				ASSETCATALOG_COMPILER_GLOBAL_ACCENT_COLOR_NAME = AccentColor;
				CODE_SIGN_STYLE = Automatic;
				CURRENT_PROJECT_VERSION = 1;
				DEVELOPMENT_TEAM = N727744RT8;
				GENERATE_INFOPLIST_FILE = YES;
				INFOPLIST_FILE = MyShopping/Info.plist;
				INFOPLIST_KEY_CFBundleDisplayName = "소정섭";
				INFOPLIST_KEY_UIApplicationSupportsIndirectInputEvents = YES;
				INFOPLIST_KEY_UILaunchStoryboardName = LaunchScreen;
				INFOPLIST_KEY_UIMainStoryboardFile = Main;
				INFOPLIST_KEY_UISupportedInterfaceOrientations = UIInterfaceOrientationPortrait;
				INFOPLIST_KEY_UISupportedInterfaceOrientations_iPad = UIInterfaceOrientationPortrait;
				IPHONEOS_DEPLOYMENT_TARGET = 15.0;
				LD_RUNPATH_SEARCH_PATHS = (
					"$(inherited)",
					"@executable_path/Frameworks",
				);
				MARKETING_VERSION = 1.0;
				PRODUCT_BUNDLE_IDENTIFIER = com.jimmy.MyShopping;
				PRODUCT_NAME = "$(TARGET_NAME)";
				SUPPORTED_PLATFORMS = "iphoneos iphonesimulator";
				SUPPORTS_MACCATALYST = NO;
				SUPPORTS_MAC_DESIGNED_FOR_IPHONE_IPAD = NO;
				SUPPORTS_XR_DESIGNED_FOR_IPHONE_IPAD = NO;
				SWIFT_EMIT_LOC_STRINGS = YES;
				SWIFT_VERSION = 5.0;
				TARGETED_DEVICE_FAMILY = 1;
			};
			name = Debug;
		};
		0316E7A52C1AD62300E6724D /* Release */ = {
			isa = XCBuildConfiguration;
			buildSettings = {
				ASSETCATALOG_COMPILER_APPICON_NAME = AppIcon;
				ASSETCATALOG_COMPILER_GLOBAL_ACCENT_COLOR_NAME = AccentColor;
				CODE_SIGN_STYLE = Automatic;
				CURRENT_PROJECT_VERSION = 1;
				DEVELOPMENT_TEAM = N727744RT8;
				GENERATE_INFOPLIST_FILE = YES;
				INFOPLIST_FILE = MyShopping/Info.plist;
				INFOPLIST_KEY_CFBundleDisplayName = "소정섭";
				INFOPLIST_KEY_UIApplicationSupportsIndirectInputEvents = YES;
				INFOPLIST_KEY_UILaunchStoryboardName = LaunchScreen;
				INFOPLIST_KEY_UIMainStoryboardFile = Main;
				INFOPLIST_KEY_UISupportedInterfaceOrientations = UIInterfaceOrientationPortrait;
				INFOPLIST_KEY_UISupportedInterfaceOrientations_iPad = UIInterfaceOrientationPortrait;
				IPHONEOS_DEPLOYMENT_TARGET = 15.0;
				LD_RUNPATH_SEARCH_PATHS = (
					"$(inherited)",
					"@executable_path/Frameworks",
				);
				MARKETING_VERSION = 1.0;
				PRODUCT_BUNDLE_IDENTIFIER = com.jimmy.MyShopping;
				PRODUCT_NAME = "$(TARGET_NAME)";
				SUPPORTED_PLATFORMS = "iphoneos iphonesimulator";
				SUPPORTS_MACCATALYST = NO;
				SUPPORTS_MAC_DESIGNED_FOR_IPHONE_IPAD = NO;
				SUPPORTS_XR_DESIGNED_FOR_IPHONE_IPAD = NO;
				SWIFT_EMIT_LOC_STRINGS = YES;
				SWIFT_VERSION = 5.0;
				TARGETED_DEVICE_FAMILY = 1;
			};
			name = Release;
		};
/* End XCBuildConfiguration section */

/* Begin XCConfigurationList section */
		0316E78A2C1AD62100E6724D /* Build configuration list for PBXProject "MyShopping" */ = {
			isa = XCConfigurationList;
			buildConfigurations = (
				0316E7A12C1AD62300E6724D /* Debug */,
				0316E7A22C1AD62300E6724D /* Release */,
			);
			defaultConfigurationIsVisible = 0;
			defaultConfigurationName = Release;
		};
		0316E7A32C1AD62300E6724D /* Build configuration list for PBXNativeTarget "MyShopping" */ = {
			isa = XCConfigurationList;
			buildConfigurations = (
				0316E7A42C1AD62300E6724D /* Debug */,
				0316E7A52C1AD62300E6724D /* Release */,
			);
			defaultConfigurationIsVisible = 0;
			defaultConfigurationName = Release;
		};
/* End XCConfigurationList section */

/* Begin XCRemoteSwiftPackageReference section */
		0316E7A62C1AD9F100E6724D /* XCRemoteSwiftPackageReference "IQKeyboardManager" */ = {
			isa = XCRemoteSwiftPackageReference;
			repositoryURL = "https://github.com/hackiftekhar/IQKeyboardManager.git";
			requirement = {
				kind = upToNextMajorVersion;
				minimumVersion = 7.0.3;
			};
		};
		0316E7A92C1AD9FB00E6724D /* XCRemoteSwiftPackageReference "Kingfisher" */ = {
			isa = XCRemoteSwiftPackageReference;
			repositoryURL = "https://github.com/onevcat/Kingfisher.git";
			requirement = {
				kind = upToNextMajorVersion;
				minimumVersion = 7.12.0;
			};
		};
		0316E7B12C1ADA0D00E6724D /* XCRemoteSwiftPackageReference "SnapKit" */ = {
			isa = XCRemoteSwiftPackageReference;
			repositoryURL = "https://github.com/SnapKit/SnapKit.git";
			requirement = {
				kind = upToNextMajorVersion;
				minimumVersion = 5.7.1;
			};
		};
		0316E7B42C1ADA1700E6724D /* XCRemoteSwiftPackageReference "Alamofire" */ = {
			isa = XCRemoteSwiftPackageReference;
			repositoryURL = "https://github.com/Alamofire/Alamofire.git";
			requirement = {
				kind = upToNextMajorVersion;
				minimumVersion = 5.9.1;
			};
		};
		0316E7B92C1AF85800E6724D /* XCRemoteSwiftPackageReference "TextFieldEffects" */ = {
			isa = XCRemoteSwiftPackageReference;
			repositoryURL = "https://github.com/raulriera/TextFieldEffects.git";
			requirement = {
				kind = upToNextMajorVersion;
				minimumVersion = 1.7.0;
			};
		};
		0333927C2C216A3800383150 /* XCRemoteSwiftPackageReference "Toast-Swift" */ = {
			isa = XCRemoteSwiftPackageReference;
			repositoryURL = "https://github.com/scalessec/Toast-Swift.git";
			requirement = {
				kind = upToNextMajorVersion;
				minimumVersion = 5.1.1;
			};
		};
/* End XCRemoteSwiftPackageReference section */

/* Begin XCSwiftPackageProductDependency section */
		0316E7A72C1AD9F100E6724D /* IQKeyboardManagerSwift */ = {
			isa = XCSwiftPackageProductDependency;
			package = 0316E7A62C1AD9F100E6724D /* XCRemoteSwiftPackageReference "IQKeyboardManager" */;
			productName = IQKeyboardManagerSwift;
		};
		0316E7AA2C1AD9FB00E6724D /* Kingfisher */ = {
			isa = XCSwiftPackageProductDependency;
			package = 0316E7A92C1AD9FB00E6724D /* XCRemoteSwiftPackageReference "Kingfisher" */;
			productName = Kingfisher;
		};
		0316E7B22C1ADA0D00E6724D /* SnapKit */ = {
			isa = XCSwiftPackageProductDependency;
			package = 0316E7B12C1ADA0D00E6724D /* XCRemoteSwiftPackageReference "SnapKit" */;
			productName = SnapKit;
		};
		0316E7B52C1ADA1700E6724D /* Alamofire */ = {
			isa = XCSwiftPackageProductDependency;
			package = 0316E7B42C1ADA1700E6724D /* XCRemoteSwiftPackageReference "Alamofire" */;
			productName = Alamofire;
		};
		0316E7BA2C1AF85800E6724D /* TextFieldEffects */ = {
			isa = XCSwiftPackageProductDependency;
			package = 0316E7B92C1AF85800E6724D /* XCRemoteSwiftPackageReference "TextFieldEffects" */;
			productName = TextFieldEffects;
		};
		0333927D2C216A3800383150 /* Toast */ = {
			isa = XCSwiftPackageProductDependency;
			package = 0333927C2C216A3800383150 /* XCRemoteSwiftPackageReference "Toast-Swift" */;
			productName = Toast;
		};
/* End XCSwiftPackageProductDependency section */
	};
	rootObject = 0316E7872C1AD62100E6724D /* Project object */;
}
